
Microsoft Visual Studio Solution File, Format Version 12.00
# Visual Studio Version 16
VisualStudioVersion = 16.0.29613.14
MinimumVisualStudioVersion = 10.0.40219.1
Project("{FAE04EC0-301F-11D3-BF4B-00C04F79EFBC}") = "Producer", "Producer\Producer.csproj", "{6A7A4448-AC31-4BFC-B1CA-C0C1181A4B20}"
EndProject
Project("{FAE04EC0-301F-11D3-BF4B-00C04F79EFBC}") = "Consumer", "Consumer\Consumer.csproj", "{9C25A3A1-6CD0-4BE3-8359-981EDC2CCA79}"
EndProject
Global
	GlobalSection(SolutionConfigurationPlatforms) = preSolution
		Debug|Any CPU = Debug|Any CPU
		Release|Any CPU = Release|Any CPU
	EndGlobalSection
	GlobalSection(ProjectConfigurationPlatforms) = postSolution
		{6A7A4448-AC31-4BFC-B1CA-C0C1181A4B20}.Debug|Any CPU.ActiveCfg = Debug|Any CPU
		{6A7A4448-AC31-4BFC-B1CA-C0C1181A4B20}.Debug|Any CPU.Build.0 = Debug|Any CPU
		{6A7A4448-AC31-4BFC-B1CA-C0C1181A4B20}.Release|Any CPU.ActiveCfg = Release|Any CPU
		{6A7A4448-AC31-4BFC-B1CA-C0C1181A4B20}.Release|Any CPU.Build.0 = Release|Any CPU
		{9C25A3A1-6CD0-4BE3-8359-981EDC2CCA79}.Debug|Any CPU.ActiveCfg = Debug|Any CPU
		{9C25A3A1-6CD0-4BE3-8359-981EDC2CCA79}.Debug|Any CPU.Build.0 = Debug|Any CPU
		{9C25A3A1-6CD0-4BE3-8359-981EDC2CCA79}.Release|Any CPU.ActiveCfg = Release|Any CPU
		{9C25A3A1-6CD0-4BE3-8359-981EDC2CCA79}.Release|Any CPU.Build.0 = Release|Any CPU
	EndGlobalSection
	GlobalSection(SolutionProperties) = preSolution
		HideSolutionNode = FALSE
	EndGlobalSection
	GlobalSection(ExtensibilityGlobals) = postSolution
		SolutionGuid = {3107AC23-E525-4193-94BA-A3C075A38DB2}
	EndGlobalSection
EndGlobal
